
Microsoft Visual Studio Solution File, Format Version 12.00
# Visual Studio Version 17
VisualStudioVersion = 17.4.33205.214
MinimumVisualStudioVersion = 10.0.40219.1
Project("{F184B08F-C81C-45F6-A57F-5ABD9991F28F}") = "VbNetQuiz", "VbNetQuiz.vbproj", "{33019872-9C38-46DF-88B7-146789862D4C}"
EndProject
Global
	GlobalSection(SolutionConfigurationPlatforms) = preSolution
		Debug|Any CPU = Debug|Any CPU
		Release|Any CPU = Release|Any CPU
	EndGlobalSection
	GlobalSection(ProjectConfigurationPlatforms) = postSolution
		{33019872-9C38-46DF-88B7-146789862D4C}.Debug|Any CPU.ActiveCfg = Debug|Any CPU
		{33019872-9C38-46DF-88B7-146789862D4C}.Debug|Any CPU.Build.0 = Debug|Any CPU
		{33019872-9C38-46DF-88B7-146789862D4C}.Release|Any CPU.ActiveCfg = Release|Any CPU
		{33019872-9C38-46DF-88B7-146789862D4C}.Release|Any CPU.Build.0 = Release|Any CPU
	EndGlobalSection
	GlobalSection(SolutionProperties) = preSolution
		HideSolutionNode = FALSE
	EndGlobalSection
	GlobalSection(ExtensibilityGlobals) = postSolution
		SolutionGuid = {E20B1520-7A42-4331-A17C-7ACB5CBA402E}
	EndGlobalSection
EndGlobal
