
Microsoft Visual Studio Solution File, Format Version 12.00
# Visual Studio Version 17
VisualStudioVersion = 17.3.32804.467
MinimumVisualStudioVersion = 10.0.40219.1
Project("{F184B08F-C81C-45F6-A57F-5ABD9991F28F}") = "ConsoleApp1", "ConsoleApp1\ConsoleApp1.vbproj", "{F5E7A146-1D8A-463B-AA4C-EB823AAB5726}"
EndProject
Global
	GlobalSection(SolutionConfigurationPlatforms) = preSolution
		Debug|Any CPU = Debug|Any CPU
		Release|Any CPU = Release|Any CPU
	EndGlobalSection
	GlobalSection(ProjectConfigurationPlatforms) = postSolution
		{F5E7A146-1D8A-463B-AA4C-EB823AAB5726}.Debug|Any CPU.ActiveCfg = Debug|Any CPU
		{F5E7A146-1D8A-463B-AA4C-EB823AAB5726}.Debug|Any CPU.Build.0 = Debug|Any CPU
		{F5E7A146-1D8A-463B-AA4C-EB823AAB5726}.Release|Any CPU.ActiveCfg = Release|Any CPU
		{F5E7A146-1D8A-463B-AA4C-EB823AAB5726}.Release|Any CPU.Build.0 = Release|Any CPU
	EndGlobalSection
	GlobalSection(SolutionProperties) = preSolution
		HideSolutionNode = FALSE
	EndGlobalSection
	GlobalSection(ExtensibilityGlobals) = postSolution
		SolutionGuid = {FBDEE7C3-9D47-452B-A7D4-CE556709754F}
	EndGlobalSection
EndGlobal
